
Microsoft Visual Studio Solution File, Format Version 12.00
# Visual Studio Version 16
VisualStudioVersion = 16.0.34114.132
MinimumVisualStudioVersion = 10.0.40219.1
Project("{FAE04EC0-301F-11D3-BF4B-00C04F79EFBC}") = "rendezesek", "rendezesek\rendezesek.csproj", "{58ACED08-ECEC-4975-8523-88C11F15067D}"
EndProject
Global
	GlobalSection(SolutionConfigurationPlatforms) = preSolution
		Debug|Any CPU = Debug|Any CPU
		Release|Any CPU = Release|Any CPU
	EndGlobalSection
	GlobalSection(ProjectConfigurationPlatforms) = postSolution
		{58ACED08-ECEC-4975-8523-88C11F15067D}.Debug|Any CPU.ActiveCfg = Debug|Any CPU
		{58ACED08-ECEC-4975-8523-88C11F15067D}.Debug|Any CPU.Build.0 = Debug|Any CPU
		{58ACED08-ECEC-4975-8523-88C11F15067D}.Release|Any CPU.ActiveCfg = Release|Any CPU
		{58ACED08-ECEC-4975-8523-88C11F15067D}.Release|Any CPU.Build.0 = Release|Any CPU
	EndGlobalSection
	GlobalSection(SolutionProperties) = preSolution
		HideSolutionNode = FALSE
	EndGlobalSection
	GlobalSection(ExtensibilityGlobals) = postSolution
		SolutionGuid = {176BD25F-3E5A-4672-9019-851FA4ADD842}
	EndGlobalSection
EndGlobal
